
Microsoft Visual Studio Solution File, Format Version 12.00
# Visual Studio Version 17
VisualStudioVersion = 17.12.35506.116
MinimumVisualStudioVersion = 10.0.40219.1
Project("{9A19103F-16F7-4668-BE54-9A1E7A4F7556}") = "WeatherLive.API", "WeatherLive.API\WeatherLive.API.csproj", "{FD1A909E-40F6-4CF0-9BAC-C9B819C479B6}"
EndProject
Project("{FAE04EC0-301F-11D3-BF4B-00C04F79EFBC}") = "WeatherLive.Client", "WeatherLive.Client\WeatherLive.Client.csproj", "{3D1DD5C1-34BD-485E-9DC9-EEC2A7378913}"
EndProject
Global
	GlobalSection(SolutionConfigurationPlatforms) = preSolution
		Debug|Any CPU = Debug|Any CPU
		Release|Any CPU = Release|Any CPU
	EndGlobalSection
	GlobalSection(ProjectConfigurationPlatforms) = postSolution
		{FD1A909E-40F6-4CF0-9BAC-C9B819C479B6}.Debug|Any CPU.ActiveCfg = Debug|Any CPU
		{FD1A909E-40F6-4CF0-9BAC-C9B819C479B6}.Debug|Any CPU.Build.0 = Debug|Any CPU
		{FD1A909E-40F6-4CF0-9BAC-C9B819C479B6}.Release|Any CPU.ActiveCfg = Release|Any CPU
		{FD1A909E-40F6-4CF0-9BAC-C9B819C479B6}.Release|Any CPU.Build.0 = Release|Any CPU
		{3D1DD5C1-34BD-485E-9DC9-EEC2A7378913}.Debug|Any CPU.ActiveCfg = Debug|Any CPU
		{3D1DD5C1-34BD-485E-9DC9-EEC2A7378913}.Debug|Any CPU.Build.0 = Debug|Any CPU
		{3D1DD5C1-34BD-485E-9DC9-EEC2A7378913}.Release|Any CPU.ActiveCfg = Release|Any CPU
		{3D1DD5C1-34BD-485E-9DC9-EEC2A7378913}.Release|Any CPU.Build.0 = Release|Any CPU
	EndGlobalSection
	GlobalSection(SolutionProperties) = preSolution
		HideSolutionNode = FALSE
	EndGlobalSection
	GlobalSection(ExtensibilityGlobals) = postSolution
		SolutionGuid = {4A6C58D2-5F04-4A14-B66F-4D2AA0FA9D4B}
	EndGlobalSection
EndGlobal
